
Microsoft Visual Studio Solution File, Format Version 12.00
# Visual Studio Version 16
VisualStudioVersion = 16.0.28803.452
MinimumVisualStudioVersion = 10.0.40219.1
Project("{FAE04EC0-301F-11D3-BF4B-00C04F79EFBC}") = "GamenShot", "GamenShot\GamenShot.csproj", "{4EA8D441-C510-476E-A6D4-ABD2DBFFE8E9}"
EndProject
Global
	GlobalSection(SolutionConfigurationPlatforms) = preSolution
		Debug|Any CPU = Debug|Any CPU
		Release|Any CPU = Release|Any CPU
	EndGlobalSection
	GlobalSection(ProjectConfigurationPlatforms) = postSolution
		{4EA8D441-C510-476E-A6D4-ABD2DBFFE8E9}.Debug|Any CPU.ActiveCfg = Debug|Any CPU
		{4EA8D441-C510-476E-A6D4-ABD2DBFFE8E9}.Debug|Any CPU.Build.0 = Debug|Any CPU
		{4EA8D441-C510-476E-A6D4-ABD2DBFFE8E9}.Release|Any CPU.ActiveCfg = Release|Any CPU
		{4EA8D441-C510-476E-A6D4-ABD2DBFFE8E9}.Release|Any CPU.Build.0 = Release|Any CPU
	EndGlobalSection
	GlobalSection(SolutionProperties) = preSolution
		HideSolutionNode = FALSE
	EndGlobalSection
	GlobalSection(ExtensibilityGlobals) = postSolution
		SolutionGuid = {7E6432FE-E68D-4232-8490-3C472B6B750A}
	EndGlobalSection
EndGlobal
